// !$*UTF8*$!
{
	archiveVersion = 1;
	classes = {
	};
	objectVersion = 50;
	objects = {

/* Begin PBXBuildFile section */
		BF2D83ED235741F900FA9736 /* AppDelegate.swift in Sources */ = {isa = PBXBuildFile; fileRef = BF2D83EC235741F900FA9736 /* AppDelegate.swift */; };
		BF2D83EF235741F900FA9736 /* ViewController.swift in Sources */ = {isa = PBXBuildFile; fileRef = BF2D83EE235741F900FA9736 /* ViewController.swift */; };
		BF2D83F2235741F900FA9736 /* Main.storyboard in Resources */ = {isa = PBXBuildFile; fileRef = BF2D83F0235741F900FA9736 /* Main.storyboard */; };
		BF2D83F5235741F900FA9736 /* Defaults.xcdatamodeld in Sources */ = {isa = PBXBuildFile; fileRef = BF2D83F3235741F900FA9736 /* Defaults.xcdatamodeld */; };
		BF2D83F7235741FB00FA9736 /* Assets.xcassets in Resources */ = {isa = PBXBuildFile; fileRef = BF2D83F6235741FB00FA9736 /* Assets.xcassets */; };
		BF2D83FA235741FB00FA9736 /* LaunchScreen.storyboard in Resources */ = {isa = PBXBuildFile; fileRef = BF2D83F8235741FB00FA9736 /* LaunchScreen.storyboard */; };
		BF2D8405235741FB00FA9736 /* DefaultsTests.swift in Sources */ = {isa = PBXBuildFile; fileRef = BF2D8404235741FB00FA9736 /* DefaultsTests.swift */; };
		BF2D8410235741FB00FA9736 /* DefaultsUITests.swift in Sources */ = {isa = PBXBuildFile; fileRef = BF2D840F235741FB00FA9736 /* DefaultsUITests.swift */; };
/* End PBXBuildFile section */

/* Begin PBXContainerItemProxy section */
		BF2D8401235741FB00FA9736 /* PBXContainerItemProxy */ = {
			isa = PBXContainerItemProxy;
			containerPortal = BF2D83E1235741F900FA9736 /* Project object */;
			proxyType = 1;
			remoteGlobalIDString = BF2D83E8235741F900FA9736;
			remoteInfo = Defaults;
		};
		BF2D840C235741FB00FA9736 /* PBXContainerItemProxy */ = {
			isa = PBXContainerItemProxy;
			containerPortal = BF2D83E1235741F900FA9736 /* Project object */;
			proxyType = 1;
			remoteGlobalIDString = BF2D83E8235741F900FA9736;
			remoteInfo = Defaults;
		};
/* End PBXContainerItemProxy section */

/* Begin PBXFileReference section */
		BF2D83E9235741F900FA9736 /* Defaults.app */ = {isa = PBXFileReference; explicitFileType = wrapper.application; includeInIndex = 0; path = Defaults.app; sourceTree = BUILT_PRODUCTS_DIR; };
		BF2D83EC235741F900FA9736 /* AppDelegate.swift */ = {isa = PBXFileReference; lastKnownFileType = sourcecode.swift; path = AppDelegate.swift; sourceTree = "<group>"; };
		BF2D83EE235741F900FA9736 /* ViewController.swift */ = {isa = PBXFileReference; lastKnownFileType = sourcecode.swift; path = ViewController.swift; sourceTree = "<group>"; };
		BF2D83F1235741F900FA9736 /* Base */ = {isa = PBXFileReference; lastKnownFileType = file.storyboard; name = Base; path = Base.lproj/Main.storyboard; sourceTree = "<group>"; };
		BF2D83F4235741F900FA9736 /* Defaults.xcdatamodel */ = {isa = PBXFileReference; lastKnownFileType = wrapper.xcdatamodel; path = Defaults.xcdatamodel; sourceTree = "<group>"; };
		BF2D83F6235741FB00FA9736 /* Assets.xcassets */ = {isa = PBXFileReference; lastKnownFileType = folder.assetcatalog; path = Assets.xcassets; sourceTree = "<group>"; };
		BF2D83F9235741FB00FA9736 /* Base */ = {isa = PBXFileReference; lastKnownFileType = file.storyboard; name = Base; path = Base.lproj/LaunchScreen.storyboard; sourceTree = "<group>"; };
		BF2D83FB235741FB00FA9736 /* Info.plist */ = {isa = PBXFileReference; lastKnownFileType = text.plist.xml; path = Info.plist; sourceTree = "<group>"; };
		BF2D8400235741FB00FA9736 /* DefaultsTests.xctest */ = {isa = PBXFileReference; explicitFileType = wrapper.cfbundle; includeInIndex = 0; path = DefaultsTests.xctest; sourceTree = BUILT_PRODUCTS_DIR; };
		BF2D8404235741FB00FA9736 /* DefaultsTests.swift */ = {isa = PBXFileReference; lastKnownFileType = sourcecode.swift; path = DefaultsTests.swift; sourceTree = "<group>"; };
		BF2D8406235741FB00FA9736 /* Info.plist */ = {isa = PBXFileReference; lastKnownFileType = text.plist.xml; path = Info.plist; sourceTree = "<group>"; };
		BF2D840B235741FB00FA9736 /* DefaultsUITests.xctest */ = {isa = PBXFileReference; explicitFileType = wrapper.cfbundle; includeInIndex = 0; path = DefaultsUITests.xctest; sourceTree = BUILT_PRODUCTS_DIR; };
		BF2D840F235741FB00FA9736 /* DefaultsUITests.swift */ = {isa = PBXFileReference; lastKnownFileType = sourcecode.swift; path = DefaultsUITests.swift; sourceTree = "<group>"; };
		BF2D8411235741FB00FA9736 /* Info.plist */ = {isa = PBXFileReference; lastKnownFileType = text.plist.xml; path = Info.plist; sourceTree = "<group>"; };
/* End PBXFileReference section */

/* Begin PBXFrameworksBuildPhase section */
		BF2D83E6235741F900FA9736 /* Frameworks */ = {
			isa = PBXFrameworksBuildPhase;
			buildActionMask = 2147483647;
			files = (
			);
			runOnlyForDeploymentPostprocessing = 0;
		};
		BF2D83FD235741FB00FA9736 /* Frameworks */ = {
			isa = PBXFrameworksBuildPhase;
			buildActionMask = 2147483647;
			files = (
			);
			runOnlyForDeploymentPostprocessing = 0;
		};
		BF2D8408235741FB00FA9736 /* Frameworks */ = {
			isa = PBXFrameworksBuildPhase;
			buildActionMask = 2147483647;
			files = (
			);
			runOnlyForDeploymentPostprocessing = 0;
		};
/* End PBXFrameworksBuildPhase section */

/* Begin PBXGroup section */
		BF2D83E0235741F900FA9736 = {
			isa = PBXGroup;
			children = (
				BF2D83EB235741F900FA9736 /* Defaults */,
				BF2D8403235741FB00FA9736 /* DefaultsTests */,
				BF2D840E235741FB00FA9736 /* DefaultsUITests */,
				BF2D83EA235741F900FA9736 /* Products */,
			);
			sourceTree = "<group>";
		};
		BF2D83EA235741F900FA9736 /* Products */ = {
			isa = PBXGroup;
			children = (
				BF2D83E9235741F900FA9736 /* Defaults.app */,
				BF2D8400235741FB00FA9736 /* DefaultsTests.xctest */,
				BF2D840B235741FB00FA9736 /* DefaultsUITests.xctest */,
			);
			name = Products;
			sourceTree = "<group>";
		};
		BF2D83EB235741F900FA9736 /* Defaults */ = {
			isa = PBXGroup;
			children = (
				BF2D83EC235741F900FA9736 /* AppDelegate.swift */,
				BF2D83EE235741F900FA9736 /* ViewController.swift */,
				BF2D83F0235741F900FA9736 /* Main.storyboard */,
				BF2D83F6235741FB00FA9736 /* Assets.xcassets */,
				BF2D83F8235741FB00FA9736 /* LaunchScreen.storyboard */,
				BF2D83FB235741FB00FA9736 /* Info.plist */,
				BF2D83F3235741F900FA9736 /* Defaults.xcdatamodeld */,
			);
			path = Defaults;
			sourceTree = "<group>";
		};
		BF2D8403235741FB00FA9736 /* DefaultsTests */ = {
			isa = PBXGroup;
			children = (
				BF2D8404235741FB00FA9736 /* DefaultsTests.swift */,
				BF2D8406235741FB00FA9736 /* Info.plist */,
			);
			path = DefaultsTests;
			sourceTree = "<group>";
		};
		BF2D840E235741FB00FA9736 /* DefaultsUITests */ = {
			isa = PBXGroup;
			children = (
				BF2D840F235741FB00FA9736 /* DefaultsUITests.swift */,
				BF2D8411235741FB00FA9736 /* Info.plist */,
			);
			path = DefaultsUITests;
			sourceTree = "<group>";
		};
/* End PBXGroup section */

/* Begin PBXNativeTarget section */
		BF2D83E8235741F900FA9736 /* Defaults */ = {
			isa = PBXNativeTarget;
			buildConfigurationList = BF2D8414235741FB00FA9736 /* Build configuration list for PBXNativeTarget "Defaults" */;
			buildPhases = (
				BF2D83E5235741F900FA9736 /* Sources */,
				BF2D83E6235741F900FA9736 /* Frameworks */,
				BF2D83E7235741F900FA9736 /* Resources */,
			);
			buildRules = (
			);
			dependencies = (
			);
			name = Defaults;
			productName = Defaults;
			productReference = BF2D83E9235741F900FA9736 /* Defaults.app */;
			productType = "com.apple.product-type.application";
		};
		BF2D83FF235741FB00FA9736 /* DefaultsTests */ = {
			isa = PBXNativeTarget;
			buildConfigurationList = BF2D8417235741FB00FA9736 /* Build configuration list for PBXNativeTarget "DefaultsTests" */;
			buildPhases = (
				BF2D83FC235741FB00FA9736 /* Sources */,
				BF2D83FD235741FB00FA9736 /* Frameworks */,
				BF2D83FE235741FB00FA9736 /* Resources */,
			);
			buildRules = (
			);
			dependencies = (
				BF2D8402235741FB00FA9736 /* PBXTargetDependency */,
			);
			name = DefaultsTests;
			productName = DefaultsTests;
			productReference = BF2D8400235741FB00FA9736 /* DefaultsTests.xctest */;
			productType = "com.apple.product-type.bundle.unit-test";
		};
		BF2D840A235741FB00FA9736 /* DefaultsUITests */ = {
			isa = PBXNativeTarget;
			buildConfigurationList = BF2D841A235741FB00FA9736 /* Build configuration list for PBXNativeTarget "DefaultsUITests" */;
			buildPhases = (
				BF2D8407235741FB00FA9736 /* Sources */,
				BF2D8408235741FB00FA9736 /* Frameworks */,
				BF2D8409235741FB00FA9736 /* Resources */,
			);
			buildRules = (
			);
			dependencies = (
				BF2D840D235741FB00FA9736 /* PBXTargetDependency */,
			);
			name = DefaultsUITests;
			productName = DefaultsUITests;
			productReference = BF2D840B235741FB00FA9736 /* DefaultsUITests.xctest */;
			productType = "com.apple.product-type.bundle.ui-testing";
		};
/* End PBXNativeTarget section */

/* Begin PBXProject section */
		BF2D83E1235741F900FA9736 /* Project object */ = {
			isa = PBXProject;
			attributes = {
				LastSwiftUpdateCheck = 1020;
				LastUpgradeCheck = 1020;
				ORGANIZATIONNAME = "Lavanya Akurathi";
				TargetAttributes = {
					BF2D83E8235741F900FA9736 = {
						CreatedOnToolsVersion = 10.2.1;
					};
					BF2D83FF235741FB00FA9736 = {
						CreatedOnToolsVersion = 10.2.1;
						TestTargetID = BF2D83E8235741F900FA9736;
					};
					BF2D840A235741FB00FA9736 = {
						CreatedOnToolsVersion = 10.2.1;
						TestTargetID = BF2D83E8235741F900FA9736;
					};
				};
			};
			buildConfigurationList = BF2D83E4235741F900FA9736 /* Build configuration list for PBXProject "Defaults" */;
			compatibilityVersion = "Xcode 9.3";
			developmentRegion = en;
			hasScannedForEncodings = 0;
			knownRegions = (
				en,
				Base,
			);
			mainGroup = BF2D83E0235741F900FA9736;
			productRefGroup = BF2D83EA235741F900FA9736 /* Products */;
			projectDirPath = "";
			projectRoot = "";
			targets = (
				BF2D83E8235741F900FA9736 /* Defaults */,
				BF2D83FF235741FB00FA9736 /* DefaultsTests */,
				BF2D840A235741FB00FA9736 /* DefaultsUITests */,
			);
		};
/* End PBXProject section */

/* Begin PBXResourcesBuildPhase section */
		BF2D83E7235741F900FA9736 /* Resources */ = {
			isa = PBXResourcesBuildPhase;
			buildActionMask = 2147483647;
			files = (
				BF2D83FA235741FB00FA9736 /* LaunchScreen.storyboard in Resources */,
				BF2D83F7235741FB00FA9736 /* Assets.xcassets in Resources */,
				BF2D83F2235741F900FA9736 /* Main.storyboard in Resources */,
			);
			runOnlyForDeploymentPostprocessing = 0;
		};
		BF2D83FE235741FB00FA9736 /* Resources */ = {
			isa = PBXResourcesBuildPhase;
			buildActionMask = 2147483647;
			files = (
			);
			runOnlyForDeploymentPostprocessing = 0;
		};
		BF2D8409235741FB00FA9736 /* Resources */ = {
			isa = PBXResourcesBuildPhase;
			buildActionMask = 2147483647;
			files = (
			);
			runOnlyForDeploymentPostprocessing = 0;
		};
/* End PBXResourcesBuildPhase section */

/* Begin PBXSourcesBuildPhase section */
		BF2D83E5235741F900FA9736 /* Sources */ = {
			isa = PBXSourcesBuildPhase;
			buildActionMask = 2147483647;
			files = (
				BF2D83F5235741F900FA9736 /* Defaults.xcdatamodeld in Sources */,
				BF2D83EF235741F900FA9736 /* ViewController.swift in Sources */,
				BF2D83ED235741F900FA9736 /* AppDelegate.swift in Sources */,
			);
			runOnlyForDeploymentPostprocessing = 0;
		};
		BF2D83FC235741FB00FA9736 /* Sources */ = {
			isa = PBXSourcesBuildPhase;
			buildActionMask = 2147483647;
			files = (
				BF2D8405235741FB00FA9736 /* DefaultsTests.swift in Sources */,
			);
			runOnlyForDeploymentPostprocessing = 0;
		};
		BF2D8407235741FB00FA9736 /* Sources */ = {
			isa = PBXSourcesBuildPhase;
			buildActionMask = 2147483647;
			files = (
				BF2D8410235741FB00FA9736 /* DefaultsUITests.swift in Sources */,
			);
			runOnlyForDeploymentPostprocessing = 0;
		};
/* End PBXSourcesBuildPhase section */

/* Begin PBXTargetDependency section */
		BF2D8402235741FB00FA9736 /* PBXTargetDependency */ = {
			isa = PBXTargetDependency;
			target = BF2D83E8235741F900FA9736 /* Defaults */;
			targetProxy = BF2D8401235741FB00FA9736 /* PBXContainerItemProxy */;
		};
		BF2D840D235741FB00FA9736 /* PBXTargetDependency */ = {
			isa = PBXTargetDependency;
			target = BF2D83E8235741F900FA9736 /* Defaults */;
			targetProxy = BF2D840C235741FB00FA9736 /* PBXContainerItemProxy */;
		};
/* End PBXTargetDependency section */

/* Begin PBXVariantGroup section */
		BF2D83F0235741F900FA9736 /* Main.storyboard */ = {
			isa = PBXVariantGroup;
			children = (
				BF2D83F1235741F900FA9736 /* Base */,
			);
			name = Main.storyboard;
			sourceTree = "<group>";
		};
		BF2D83F8235741FB00FA9736 /* LaunchScreen.storyboard */ = {
			isa = PBXVariantGroup;
			children = (
				BF2D83F9235741FB00FA9736 /* Base */,
			);
			name = LaunchScreen.storyboard;
			sourceTree = "<group>";
		};
/* End PBXVariantGroup section */

/* Begin XCBuildConfiguration section */
		BF2D8412235741FB00FA9736 /* Debug */ = {
			isa = XCBuildConfiguration;
			buildSettings = {
				ALWAYS_SEARCH_USER_PATHS = NO;
				CLANG_ANALYZER_NONNULL = YES;
				CLANG_ANALYZER_NUMBER_OBJECT_CONVERSION = YES_AGGRESSIVE;
				CLANG_CXX_LANGUAGE_STANDARD = "gnu++14";
				CLANG_CXX_LIBRARY = "libc++";
				CLANG_ENABLE_MODULES = YES;
				CLANG_ENABLE_OBJC_ARC = YES;
				CLANG_ENABLE_OBJC_WEAK = YES;
				CLANG_WARN_BLOCK_CAPTURE_AUTORELEASING = YES;
				CLANG_WARN_BOOL_CONVERSION = YES;
				CLANG_WARN_COMMA = YES;
				CLANG_WARN_CONSTANT_CONVERSION = YES;
				CLANG_WARN_DEPRECATED_OBJC_IMPLEMENTATIONS = YES;
				CLANG_WARN_DIRECT_OBJC_ISA_USAGE = YES_ERROR;
				CLANG_WARN_DOCUMENTATION_COMMENTS = YES;
				CLANG_WARN_EMPTY_BODY = YES;
				CLANG_WARN_ENUM_CONVERSION = YES;
				CLANG_WARN_INFINITE_RECURSION = YES;
				CLANG_WARN_INT_CONVERSION = YES;
				CLANG_WARN_NON_LITERAL_NULL_CONVERSION = YES;
				CLANG_WARN_OBJC_IMPLICIT_RETAIN_SELF = YES;
				CLANG_WARN_OBJC_LITERAL_CONVERSION = YES;
				CLANG_WARN_OBJC_ROOT_CLASS = YES_ERROR;
				CLANG_WARN_RANGE_LOOP_ANALYSIS = YES;
				CLANG_WARN_STRICT_PROTOTYPES = YES;
				CLANG_WARN_SUSPICIOUS_MOVE = YES;
				CLANG_WARN_UNGUARDED_AVAILABILITY = YES_AGGRESSIVE;
				CLANG_WARN_UNREACHABLE_CODE = YES;
				CLANG_WARN__DUPLICATE_METHOD_MATCH = YES;
				CODE_SIGN_IDENTITY = "iPhone Developer";
				COPY_PHASE_STRIP = NO;
				DEBUG_INFORMATION_FORMAT = dwarf;
				ENABLE_STRICT_OBJC_MSGSEND = YES;
				ENABLE_TESTABILITY = YES;
				GCC_C_LANGUAGE_STANDARD = gnu11;
				GCC_DYNAMIC_NO_PIC = NO;
				GCC_NO_COMMON_BLOCKS = YES;
				GCC_OPTIMIZATION_LEVEL = 0;
				GCC_PREPROCESSOR_DEFINITIONS = (
					"DEBUG=1",
					"$(inherited)",
				);
				GCC_WARN_64_TO_32_BIT_CONVERSION = YES;
				GCC_WARN_ABOUT_RETURN_TYPE = YES_ERROR;
				GCC_WARN_UNDECLARED_SELECTOR = YES;
				GCC_WARN_UNINITIALIZED_AUTOS = YES_AGGRESSIVE;
				GCC_WARN_UNUSED_FUNCTION = YES;
				GCC_WARN_UNUSED_VARIABLE = YES;
				IPHONEOS_DEPLOYMENT_TARGET = 12.2;
				MTL_ENABLE_DEBUG_INFO = INCLUDE_SOURCE;
				MTL_FAST_MATH = YES;
				ONLY_ACTIVE_ARCH = YES;
				SDKROOT = iphoneos;
				SWIFT_ACTIVE_COMPILATION_CONDITIONS = DEBUG;
				SWIFT_OPTIMIZATION_LEVEL = "-Onone";
			};
			name = Debug;
		};
		BF2D8413235741FB00FA9736 /* Release */ = {
			isa = XCBuildConfiguration;
			buildSettings = {
				ALWAYS_SEARCH_USER_PATHS = NO;
				CLANG_ANALYZER_NONNULL = YES;
				CLANG_ANALYZER_NUMBER_OBJECT_CONVERSION = YES_AGGRESSIVE;
				CLANG_CXX_LANGUAGE_STANDARD = "gnu++14";
				CLANG_CXX_LIBRARY = "libc++";
				CLANG_ENABLE_MODULES = YES;
				CLANG_ENABLE_OBJC_ARC = YES;
				CLANG_ENABLE_OBJC_WEAK = YES;
				CLANG_WARN_BLOCK_CAPTURE_AUTORELEASING = YES;
				CLANG_WARN_BOOL_CONVERSION = YES;
				CLANG_WARN_COMMA = YES;
				CLANG_WARN_CONSTANT_CONVERSION = YES;
				CLANG_WARN_DEPRECATED_OBJC_IMPLEMENTATIONS = YES;
				CLANG_WARN_DIRECT_OBJC_ISA_USAGE = YES_ERROR;
				CLANG_WARN_DOCUMENTATION_COMMENTS = YES;
				CLANG_WARN_EMPTY_BODY = YES;
				CLANG_WARN_ENUM_CONVERSION = YES;
				CLANG_WARN_INFINITE_RECURSION = YES;
				CLANG_WARN_INT_CONVERSION = YES;
				CLANG_WARN_NON_LITERAL_NULL_CONVERSION = YES;
				CLANG_WARN_OBJC_IMPLICIT_RETAIN_SELF = YES;
				CLANG_WARN_OBJC_LITERAL_CONVERSION = YES;
				CLANG_WARN_OBJC_ROOT_CLASS = YES_ERROR;
				CLANG_WARN_RANGE_LOOP_ANALYSIS = YES;
				CLANG_WARN_STRICT_PROTOTYPES = YES;
				CLANG_WARN_SUSPICIOUS_MOVE = YES;
				CLANG_WARN_UNGUARDED_AVAILABILITY = YES_AGGRESSIVE;
				CLANG_WARN_UNREACHABLE_CODE = YES;
				CLANG_WARN__DUPLICATE_METHOD_MATCH = YES;
				CODE_SIGN_IDENTITY = "iPhone Developer";
				COPY_PHASE_STRIP = NO;
				DEBUG_INFORMATION_FORMAT = "dwarf-with-dsym";
				ENABLE_NS_ASSERTIONS = NO;
				ENABLE_STRICT_OBJC_MSGSEND = YES;
				GCC_C_LANGUAGE_STANDARD = gnu11;
				GCC_NO_COMMON_BLOCKS = YES;
				GCC_WARN_64_TO_32_BIT_CONVERSION = YES;
				GCC_WARN_ABOUT_RETURN_TYPE = YES_ERROR;
				GCC_WARN_UNDECLARED_SELECTOR = YES;
				GCC_WARN_UNINITIALIZED_AUTOS = YES_AGGRESSIVE;
				GCC_WARN_UNUSED_FUNCTION = YES;
				GCC_WARN_UNUSED_VARIABLE = YES;
				IPHONEOS_DEPLOYMENT_TARGET = 12.2;
				MTL_ENABLE_DEBUG_INFO = NO;
				MTL_FAST_MATH = YES;
				SDKROOT = iphoneos;
				SWIFT_COMPILATION_MODE = wholemodule;
				SWIFT_OPTIMIZATION_LEVEL = "-O";
				VALIDATE_PRODUCT = YES;
			};
			name = Release;
		};
		BF2D8415235741FB00FA9736 /* Debug */ = {
			isa = XCBuildConfiguration;
			buildSettings = {
				ASSETCATALOG_COMPILER_APPICON_NAME = AppIcon;
				CODE_SIGN_STYLE = Automatic;
				INFOPLIST_FILE = Defaults/Info.plist;
				LD_RUNPATH_SEARCH_PATHS = (
					"$(inherited)",
					"@executable_path/Frameworks",
				);
				PRODUCT_BUNDLE_IDENTIFIER = CISPL.Defaults;
				PRODUCT_NAME = "$(TARGET_NAME)";
				SWIFT_VERSION = 5.0;
				TARGETED_DEVICE_FAMILY = "1,2";
			};
			name = Debug;
		};
		BF2D8416235741FB00FA9736 /* Release */ = {
			isa = XCBuildConfiguration;
			buildSettings = {
				ASSETCATALOG_COMPILER_APPICON_NAME = AppIcon;
				CODE_SIGN_STYLE = Automatic;
				INFOPLIST_FILE = Defaults/Info.plist;
				LD_RUNPATH_SEARCH_PATHS = (
					"$(inherited)",
					"@executable_path/Frameworks",
				);
				PRODUCT_BUNDLE_IDENTIFIER = CISPL.Defaults;
				PRODUCT_NAME = "$(TARGET_NAME)";
				SWIFT_VERSION = 5.0;
				TARGETED_DEVICE_FAMILY = "1,2";
			};
			name = Release;
		};
		BF2D8418235741FB00FA9736 /* Debug */ = {
			isa = XCBuildConfiguration;
			buildSettings = {
				ALWAYS_EMBED_SWIFT_STANDARD_LIBRARIES = YES;
				BUNDLE_LOADER = "$(TEST_HOST)";
				CODE_SIGN_STYLE = Automatic;
				INFOPLIST_FILE = DefaultsTests/Info.plist;
				LD_RUNPATH_SEARCH_PATHS = (
					"$(inherited)",
					"@executable_path/Frameworks",
					"@loader_path/Frameworks",
				);
				PRODUCT_BUNDLE_IDENTIFIER = CISPL.DefaultsTests;
				PRODUCT_NAME = "$(TARGET_NAME)";
				SWIFT_VERSION = 5.0;
				TARGETED_DEVICE_FAMILY = "1,2";
				TEST_HOST = "$(BUILT_PRODUCTS_DIR)/Defaults.app/Defaults";
			};
			name = Debug;
		};
		BF2D8419235741FB00FA9736 /* Release */ = {
			isa = XCBuildConfiguration;
			buildSettings = {
				ALWAYS_EMBED_SWIFT_STANDARD_LIBRARIES = YES;
				BUNDLE_LOADER = "$(TEST_HOST)";
				CODE_SIGN_STYLE = Automatic;
				INFOPLIST_FILE = DefaultsTests/Info.plist;
				LD_RUNPATH_SEARCH_PATHS = (
					"$(inherited)",
					"@executable_path/Frameworks",
					"@loader_path/Frameworks",
				);
				PRODUCT_BUNDLE_IDENTIFIER = CISPL.DefaultsTests;
				PRODUCT_NAME = "$(TARGET_NAME)";
				SWIFT_VERSION = 5.0;
				TARGETED_DEVICE_FAMILY = "1,2";
				TEST_HOST = "$(BUILT_PRODUCTS_DIR)/Defaults.app/Defaults";
			};
			name = Release;
		};
		BF2D841B235741FB00FA9736 /* Debug */ = {
			isa = XCBuildConfiguration;
			buildSettings = {
				ALWAYS_EMBED_SWIFT_STANDARD_LIBRARIES = YES;
				CODE_SIGN_STYLE = Automatic;
				INFOPLIST_FILE = DefaultsUITests/Info.plist;
				LD_RUNPATH_SEARCH_PATHS = (
					"$(inherited)",
					"@executable_path/Frameworks",
					"@loader_path/Frameworks",
				);
				PRODUCT_BUNDLE_IDENTIFIER = CISPL.DefaultsUITests;
				PRODUCT_NAME = "$(TARGET_NAME)";
				SWIFT_VERSION = 5.0;
				TARGETED_DEVICE_FAMILY = "1,2";
				TEST_TARGET_NAME = Defaults;
			};
			name = Debug;
		};
		BF2D841C235741FB00FA9736 /* Release */ = {
			isa = XCBuildConfiguration;
			buildSettings = {
				ALWAYS_EMBED_SWIFT_STANDARD_LIBRARIES = YES;
				CODE_SIGN_STYLE = Automatic;
				INFOPLIST_FILE = DefaultsUITests/Info.plist;
				LD_RUNPATH_SEARCH_PATHS = (
					"$(inherited)",
					"@executable_path/Frameworks",
					"@loader_path/Frameworks",
				);
				PRODUCT_BUNDLE_IDENTIFIER = CISPL.DefaultsUITests;
				PRODUCT_NAME = "$(TARGET_NAME)";
				SWIFT_VERSION = 5.0;
				TARGETED_DEVICE_FAMILY = "1,2";
				TEST_TARGET_NAME = Defaults;
			};
			name = Release;
		};
/* End XCBuildConfiguration section */

/* Begin XCConfigurationList section */
		BF2D83E4235741F900FA9736 /* Build configuration list for PBXProject "Defaults" */ = {
			isa = XCConfigurationList;
			buildConfigurations = (
				BF2D8412235741FB00FA9736 /* Debug */,
				BF2D8413235741FB00FA9736 /* Release */,
			);
			defaultConfigurationIsVisible = 0;
			defaultConfigurationName = Release;
		};
		BF2D8414235741FB00FA9736 /* Build configuration list for PBXNativeTarget "Defaults" */ = {
			isa = XCConfigurationList;
			buildConfigurations = (
				BF2D8415235741FB00FA9736 /* Debug */,
				BF2D8416235741FB00FA9736 /* Release */,
			);
			defaultConfigurationIsVisible = 0;
			defaultConfigurationName = Release;
		};
		BF2D8417235741FB00FA9736 /* Build configuration list for PBXNativeTarget "DefaultsTests" */ = {
			isa = XCConfigurationList;
			buildConfigurations = (
				BF2D8418235741FB00FA9736 /* Debug */,
				BF2D8419235741FB00FA9736 /* Release */,
			);
			defaultConfigurationIsVisible = 0;
			defaultConfigurationName = Release;
		};
		BF2D841A235741FB00FA9736 /* Build configuration list for PBXNativeTarget "DefaultsUITests" */ = {
			isa = XCConfigurationList;
			buildConfigurations = (
				BF2D841B235741FB00FA9736 /* Debug */,
				BF2D841C235741FB00FA9736 /* Release */,
			);
			defaultConfigurationIsVisible = 0;
			defaultConfigurationName = Release;
		};
/* End XCConfigurationList section */

/* Begin XCVersionGroup section */
		BF2D83F3235741F900FA9736 /* Defaults.xcdatamodeld */ = {
			isa = XCVersionGroup;
			children = (
				BF2D83F4235741F900FA9736 /* Defaults.xcdatamodel */,
			);
			currentVersion = BF2D83F4235741F900FA9736 /* Defaults.xcdatamodel */;
			path = Defaults.xcdatamodeld;
			sourceTree = "<group>";
			versionGroupType = wrapper.xcdatamodel;
		};
/* End XCVersionGroup section */
	};
	rootObject = BF2D83E1235741F900FA9736 /* Project object */;
}
